// !$*UTF8*$!
{
	archiveVersion = 1;
	classes = {
	};
	objectVersion = 50;
	objects = {

/* Begin PBXBuildFile section */
		4A1BB2D4215F27B6005D5A40 /* CAGradientLayerViewController.m in Sources */ = {isa = PBXBuildFile; fileRef = 4A1BB2D3215F27B6005D5A40 /* CAGradientLayerViewController.m */; };
		4A24602C216B30DA00FA2B25 /* CAReplicatorlayerViewController.m in Sources */ = {isa = PBXBuildFile; fileRef = 4A24602B216B30DA00FA2B25 /* CAReplicatorlayerViewController.m */; };
		4A265637215E069800F8A92F /* AppDelegate.m in Sources */ = {isa = PBXBuildFile; fileRef = 4A265636215E069800F8A92F /* AppDelegate.m */; };
		4A26563A215E069800F8A92F /* ViewController.m in Sources */ = {isa = PBXBuildFile; fileRef = 4A265639215E069800F8A92F /* ViewController.m */; };
		4A26563D215E069800F8A92F /* Main.storyboard in Resources */ = {isa = PBXBuildFile; fileRef = 4A26563B215E069800F8A92F /* Main.storyboard */; };
		4A26563F215E069900F8A92F /* Assets.xcassets in Resources */ = {isa = PBXBuildFile; fileRef = 4A26563E215E069900F8A92F /* Assets.xcassets */; };
		4A265642215E069900F8A92F /* LaunchScreen.storyboard in Resources */ = {isa = PBXBuildFile; fileRef = 4A265640215E069900F8A92F /* LaunchScreen.storyboard */; };
		4A265645215E069900F8A92F /* main.m in Sources */ = {isa = PBXBuildFile; fileRef = 4A265644215E069900F8A92F /* main.m */; };
		4A26564F215E069900F8A92F /* CoreAnimationDemoTests.m in Sources */ = {isa = PBXBuildFile; fileRef = 4A26564E215E069900F8A92F /* CoreAnimationDemoTests.m */; };
		4A26565A215E069900F8A92F /* CoreAnimationDemoUITests.m in Sources */ = {isa = PBXBuildFile; fileRef = 4A265659215E069900F8A92F /* CoreAnimationDemoUITests.m */; };
		4A265669215E0A9900F8A92F /* CAShapeLayerViewController.m in Sources */ = {isa = PBXBuildFile; fileRef = 4A265668215E0A9900F8A92F /* CAShapeLayerViewController.m */; };
		4A26566C215E0F8100F8A92F /* CAtextLayerViewController.m in Sources */ = {isa = PBXBuildFile; fileRef = 4A26566B215E0F8100F8A92F /* CAtextLayerViewController.m */; };
		4A29C63E216AF93C00598D3C /* CATransformLayerViewController.m in Sources */ = {isa = PBXBuildFile; fileRef = 4A29C63D216AF93C00598D3C /* CATransformLayerViewController.m */; };
		4AC95D062191790A006745CC /* ScrollLayer.m in Sources */ = {isa = PBXBuildFile; fileRef = 4AC95D052191790A006745CC /* ScrollLayer.m */; };
		4AC95D0921917C0D006745CC /* CAScrollLayerViewController.m in Sources */ = {isa = PBXBuildFile; fileRef = 4AC95D0821917C0D006745CC /* CAScrollLayerViewController.m */; };
		4AC95D0C219187BE006745CC /* CAEmitterLayerViewController.m in Sources */ = {isa = PBXBuildFile; fileRef = 4AC95D0B219187BE006745CC /* CAEmitterLayerViewController.m */; };
		4AC95D0E219189FD006745CC /* DazRing.png in Resources */ = {isa = PBXBuildFile; fileRef = 4AC95D0D219189FD006745CC /* DazRing.png */; };
		4AC95D1021918A0D006745CC /* DazStarOutline.png in Resources */ = {isa = PBXBuildFile; fileRef = 4AC95D0F21918A0C006745CC /* DazStarOutline.png */; };
		4AC95D1321918B4F006745CC /* TiledView.m in Sources */ = {isa = PBXBuildFile; fileRef = 4AC95D1221918B4F006745CC /* TiledView.m */; };
		4AC95D1621918DA6006745CC /* CATiledLayerViewController.m in Sources */ = {isa = PBXBuildFile; fileRef = 4AC95D1521918DA6006745CC /* CATiledLayerViewController.m */; };
/* End PBXBuildFile section */

/* Begin PBXContainerItemProxy section */
		4A26564B215E069900F8A92F /* PBXContainerItemProxy */ = {
			isa = PBXContainerItemProxy;
			containerPortal = 4A26562A215E069800F8A92F /* Project object */;
			proxyType = 1;
			remoteGlobalIDString = 4A265631215E069800F8A92F;
			remoteInfo = CoreAnimationDemo;
		};
		4A265656215E069900F8A92F /* PBXContainerItemProxy */ = {
			isa = PBXContainerItemProxy;
			containerPortal = 4A26562A215E069800F8A92F /* Project object */;
			proxyType = 1;
			remoteGlobalIDString = 4A265631215E069800F8A92F;
			remoteInfo = CoreAnimationDemo;
		};
/* End PBXContainerItemProxy section */

/* Begin PBXFileReference section */
		4A1BB2D2215F27B6005D5A40 /* CAGradientLayerViewController.h */ = {isa = PBXFileReference; lastKnownFileType = sourcecode.c.h; path = CAGradientLayerViewController.h; sourceTree = "<group>"; };
		4A1BB2D3215F27B6005D5A40 /* CAGradientLayerViewController.m */ = {isa = PBXFileReference; lastKnownFileType = sourcecode.c.objc; path = CAGradientLayerViewController.m; sourceTree = "<group>"; };
		4A24602A216B30DA00FA2B25 /* CAReplicatorlayerViewController.h */ = {isa = PBXFileReference; lastKnownFileType = sourcecode.c.h; path = CAReplicatorlayerViewController.h; sourceTree = "<group>"; };
		4A24602B216B30DA00FA2B25 /* CAReplicatorlayerViewController.m */ = {isa = PBXFileReference; lastKnownFileType = sourcecode.c.objc; path = CAReplicatorlayerViewController.m; sourceTree = "<group>"; };
		4A265632215E069800F8A92F /* CoreAnimationDemo.app */ = {isa = PBXFileReference; explicitFileType = wrapper.application; includeInIndex = 0; path = CoreAnimationDemo.app; sourceTree = BUILT_PRODUCTS_DIR; };
		4A265635215E069800F8A92F /* AppDelegate.h */ = {isa = PBXFileReference; lastKnownFileType = sourcecode.c.h; path = AppDelegate.h; sourceTree = "<group>"; };
		4A265636215E069800F8A92F /* AppDelegate.m */ = {isa = PBXFileReference; lastKnownFileType = sourcecode.c.objc; path = AppDelegate.m; sourceTree = "<group>"; };
		4A265638215E069800F8A92F /* ViewController.h */ = {isa = PBXFileReference; lastKnownFileType = sourcecode.c.h; path = ViewController.h; sourceTree = "<group>"; };
		4A265639215E069800F8A92F /* ViewController.m */ = {isa = PBXFileReference; lastKnownFileType = sourcecode.c.objc; path = ViewController.m; sourceTree = "<group>"; };
		4A26563C215E069800F8A92F /* Base */ = {isa = PBXFileReference; lastKnownFileType = file.storyboard; name = Base; path = Base.lproj/Main.storyboard; sourceTree = "<group>"; };
		4A26563E215E069900F8A92F /* Assets.xcassets */ = {isa = PBXFileReference; lastKnownFileType = folder.assetcatalog; path = Assets.xcassets; sourceTree = "<group>"; };
		4A265641215E069900F8A92F /* Base */ = {isa = PBXFileReference; lastKnownFileType = file.storyboard; name = Base; path = Base.lproj/LaunchScreen.storyboard; sourceTree = "<group>"; };
		4A265643215E069900F8A92F /* Info.plist */ = {isa = PBXFileReference; lastKnownFileType = text.plist.xml; path = Info.plist; sourceTree = "<group>"; };
		4A265644215E069900F8A92F /* main.m */ = {isa = PBXFileReference; lastKnownFileType = sourcecode.c.objc; path = main.m; sourceTree = "<group>"; };
		4A26564A215E069900F8A92F /* CoreAnimationDemoTests.xctest */ = {isa = PBXFileReference; explicitFileType = wrapper.cfbundle; includeInIndex = 0; path = CoreAnimationDemoTests.xctest; sourceTree = BUILT_PRODUCTS_DIR; };
		4A26564E215E069900F8A92F /* CoreAnimationDemoTests.m */ = {isa = PBXFileReference; lastKnownFileType = sourcecode.c.objc; path = CoreAnimationDemoTests.m; sourceTree = "<group>"; };
		4A265650215E069900F8A92F /* Info.plist */ = {isa = PBXFileReference; lastKnownFileType = text.plist.xml; path = Info.plist; sourceTree = "<group>"; };
		4A265655215E069900F8A92F /* CoreAnimationDemoUITests.xctest */ = {isa = PBXFileReference; explicitFileType = wrapper.cfbundle; includeInIndex = 0; path = CoreAnimationDemoUITests.xctest; sourceTree = BUILT_PRODUCTS_DIR; };
		4A265659215E069900F8A92F /* CoreAnimationDemoUITests.m */ = {isa = PBXFileReference; lastKnownFileType = sourcecode.c.objc; path = CoreAnimationDemoUITests.m; sourceTree = "<group>"; };
		4A26565B215E069900F8A92F /* Info.plist */ = {isa = PBXFileReference; lastKnownFileType = text.plist.xml; path = Info.plist; sourceTree = "<group>"; };
		4A265667215E0A9900F8A92F /* CAShapeLayerViewController.h */ = {isa = PBXFileReference; lastKnownFileType = sourcecode.c.h; path = CAShapeLayerViewController.h; sourceTree = "<group>"; };
		4A265668215E0A9900F8A92F /* CAShapeLayerViewController.m */ = {isa = PBXFileReference; lastKnownFileType = sourcecode.c.objc; path = CAShapeLayerViewController.m; sourceTree = "<group>"; };
		4A26566A215E0F8100F8A92F /* CAtextLayerViewController.h */ = {isa = PBXFileReference; lastKnownFileType = sourcecode.c.h; path = CAtextLayerViewController.h; sourceTree = "<group>"; };
		4A26566B215E0F8100F8A92F /* CAtextLayerViewController.m */ = {isa = PBXFileReference; lastKnownFileType = sourcecode.c.objc; path = CAtextLayerViewController.m; sourceTree = "<group>"; };
		4A29C63C216AF93C00598D3C /* CATransformLayerViewController.h */ = {isa = PBXFileReference; lastKnownFileType = sourcecode.c.h; path = CATransformLayerViewController.h; sourceTree = "<group>"; };
		4A29C63D216AF93C00598D3C /* CATransformLayerViewController.m */ = {isa = PBXFileReference; lastKnownFileType = sourcecode.c.objc; path = CATransformLayerViewController.m; sourceTree = "<group>"; };
		4AC95D042191790A006745CC /* ScrollLayer.h */ = {isa = PBXFileReference; lastKnownFileType = sourcecode.c.h; path = ScrollLayer.h; sourceTree = "<group>"; };
		4AC95D052191790A006745CC /* ScrollLayer.m */ = {isa = PBXFileReference; lastKnownFileType = sourcecode.c.objc; path = ScrollLayer.m; sourceTree = "<group>"; };
		4AC95D0721917C0D006745CC /* CAScrollLayerViewController.h */ = {isa = PBXFileReference; lastKnownFileType = sourcecode.c.h; path = CAScrollLayerViewController.h; sourceTree = "<group>"; };
		4AC95D0821917C0D006745CC /* CAScrollLayerViewController.m */ = {isa = PBXFileReference; lastKnownFileType = sourcecode.c.objc; path = CAScrollLayerViewController.m; sourceTree = "<group>"; };
		4AC95D0A219187BE006745CC /* CAEmitterLayerViewController.h */ = {isa = PBXFileReference; lastKnownFileType = sourcecode.c.h; path = CAEmitterLayerViewController.h; sourceTree = "<group>"; };
		4AC95D0B219187BE006745CC /* CAEmitterLayerViewController.m */ = {isa = PBXFileReference; lastKnownFileType = sourcecode.c.objc; path = CAEmitterLayerViewController.m; sourceTree = "<group>"; };
		4AC95D0D219189FD006745CC /* DazRing.png */ = {isa = PBXFileReference; lastKnownFileType = image.png; path = DazRing.png; sourceTree = "<group>"; };
		4AC95D0F21918A0C006745CC /* DazStarOutline.png */ = {isa = PBXFileReference; lastKnownFileType = image.png; path = DazStarOutline.png; sourceTree = "<group>"; };
		4AC95D1121918B4F006745CC /* TiledView.h */ = {isa = PBXFileReference; lastKnownFileType = sourcecode.c.h; path = TiledView.h; sourceTree = "<group>"; };
		4AC95D1221918B4F006745CC /* TiledView.m */ = {isa = PBXFileReference; lastKnownFileType = sourcecode.c.objc; path = TiledView.m; sourceTree = "<group>"; };
		4AC95D1421918DA6006745CC /* CATiledLayerViewController.h */ = {isa = PBXFileReference; lastKnownFileType = sourcecode.c.h; path = CATiledLayerViewController.h; sourceTree = "<group>"; };
		4AC95D1521918DA6006745CC /* CATiledLayerViewController.m */ = {isa = PBXFileReference; lastKnownFileType = sourcecode.c.objc; path = CATiledLayerViewController.m; sourceTree = "<group>"; };
/* End PBXFileReference section */

/* Begin PBXFrameworksBuildPhase section */
		4A26562F215E069800F8A92F /* Frameworks */ = {
			isa = PBXFrameworksBuildPhase;
			buildActionMask = 2147483647;
			files = (
			);
			runOnlyForDeploymentPostprocessing = 0;
		};
		4A265647215E069900F8A92F /* Frameworks */ = {
			isa = PBXFrameworksBuildPhase;
			buildActionMask = 2147483647;
			files = (
			);
			runOnlyForDeploymentPostprocessing = 0;
		};
		4A265652215E069900F8A92F /* Frameworks */ = {
			isa = PBXFrameworksBuildPhase;
			buildActionMask = 2147483647;
			files = (
			);
			runOnlyForDeploymentPostprocessing = 0;
		};
/* End PBXFrameworksBuildPhase section */

/* Begin PBXGroup section */
		4A265629215E069800F8A92F = {
			isa = PBXGroup;
			children = (
				4A265634215E069800F8A92F /* CoreAnimationDemo */,
				4A26564D215E069900F8A92F /* CoreAnimationDemoTests */,
				4A265658215E069900F8A92F /* CoreAnimationDemoUITests */,
				4A265633215E069800F8A92F /* Products */,
			);
			sourceTree = "<group>";
		};
		4A265633215E069800F8A92F /* Products */ = {
			isa = PBXGroup;
			children = (
				4A265632215E069800F8A92F /* CoreAnimationDemo.app */,
				4A26564A215E069900F8A92F /* CoreAnimationDemoTests.xctest */,
				4A265655215E069900F8A92F /* CoreAnimationDemoUITests.xctest */,
			);
			name = Products;
			sourceTree = "<group>";
		};
		4A265634215E069800F8A92F /* CoreAnimationDemo */ = {
			isa = PBXGroup;
			children = (
				4AC95D042191790A006745CC /* ScrollLayer.h */,
				4AC95D052191790A006745CC /* ScrollLayer.m */,
				4AC95D1121918B4F006745CC /* TiledView.h */,
				4AC95D1221918B4F006745CC /* TiledView.m */,
				4A265667215E0A9900F8A92F /* CAShapeLayerViewController.h */,
				4A265668215E0A9900F8A92F /* CAShapeLayerViewController.m */,
				4A26566A215E0F8100F8A92F /* CAtextLayerViewController.h */,
				4A26566B215E0F8100F8A92F /* CAtextLayerViewController.m */,
				4A29C63C216AF93C00598D3C /* CATransformLayerViewController.h */,
				4A29C63D216AF93C00598D3C /* CATransformLayerViewController.m */,
				4A1BB2D2215F27B6005D5A40 /* CAGradientLayerViewController.h */,
				4A1BB2D3215F27B6005D5A40 /* CAGradientLayerViewController.m */,
				4A24602A216B30DA00FA2B25 /* CAReplicatorlayerViewController.h */,
				4A24602B216B30DA00FA2B25 /* CAReplicatorlayerViewController.m */,
				4AC95D0721917C0D006745CC /* CAScrollLayerViewController.h */,
				4AC95D0821917C0D006745CC /* CAScrollLayerViewController.m */,
				4AC95D0A219187BE006745CC /* CAEmitterLayerViewController.h */,
				4AC95D0B219187BE006745CC /* CAEmitterLayerViewController.m */,
				4AC95D1421918DA6006745CC /* CATiledLayerViewController.h */,
				4AC95D1521918DA6006745CC /* CATiledLayerViewController.m */,
				4A265635215E069800F8A92F /* AppDelegate.h */,
				4A265636215E069800F8A92F /* AppDelegate.m */,
				4A265638215E069800F8A92F /* ViewController.h */,
				4A265639215E069800F8A92F /* ViewController.m */,
				4A26563E215E069900F8A92F /* Assets.xcassets */,
				4A26563B215E069800F8A92F /* Main.storyboard */,
				4A265640215E069900F8A92F /* LaunchScreen.storyboard */,
				4A265643215E069900F8A92F /* Info.plist */,
				4A265644215E069900F8A92F /* main.m */,
				4AC95D0F21918A0C006745CC /* DazStarOutline.png */,
				4AC95D0D219189FD006745CC /* DazRing.png */,
			);
			path = CoreAnimationDemo;
			sourceTree = "<group>";
		};
		4A26564D215E069900F8A92F /* CoreAnimationDemoTests */ = {
			isa = PBXGroup;
			children = (
				4A26564E215E069900F8A92F /* CoreAnimationDemoTests.m */,
				4A265650215E069900F8A92F /* Info.plist */,
			);
			path = CoreAnimationDemoTests;
			sourceTree = "<group>";
		};
		4A265658215E069900F8A92F /* CoreAnimationDemoUITests */ = {
			isa = PBXGroup;
			children = (
				4A265659215E069900F8A92F /* CoreAnimationDemoUITests.m */,
				4A26565B215E069900F8A92F /* Info.plist */,
			);
			path = CoreAnimationDemoUITests;
			sourceTree = "<group>";
		};
/* End PBXGroup section */

/* Begin PBXNativeTarget section */
		4A265631215E069800F8A92F /* CoreAnimationDemo */ = {
			isa = PBXNativeTarget;
			buildConfigurationList = 4A26565E215E069900F8A92F /* Build configuration list for PBXNativeTarget "CoreAnimationDemo" */;
			buildPhases = (
				4A26562E215E069800F8A92F /* Sources */,
				4A26562F215E069800F8A92F /* Frameworks */,
				4A265630215E069800F8A92F /* Resources */,
			);
			buildRules = (
			);
			dependencies = (
			);
			name = CoreAnimationDemo;
			productName = CoreAnimationDemo;
			productReference = 4A265632215E069800F8A92F /* CoreAnimationDemo.app */;
			productType = "com.apple.product-type.application";
		};
		4A265649215E069900F8A92F /* CoreAnimationDemoTests */ = {
			isa = PBXNativeTarget;
			buildConfigurationList = 4A265661215E069900F8A92F /* Build configuration list for PBXNativeTarget "CoreAnimationDemoTests" */;
			buildPhases = (
				4A265646215E069900F8A92F /* Sources */,
				4A265647215E069900F8A92F /* Frameworks */,
				4A265648215E069900F8A92F /* Resources */,
			);
			buildRules = (
			);
			dependencies = (
				4A26564C215E069900F8A92F /* PBXTargetDependency */,
			);
			name = CoreAnimationDemoTests;
			productName = CoreAnimationDemoTests;
			productReference = 4A26564A215E069900F8A92F /* CoreAnimationDemoTests.xctest */;
			productType = "com.apple.product-type.bundle.unit-test";
		};
		4A265654215E069900F8A92F /* CoreAnimationDemoUITests */ = {
			isa = PBXNativeTarget;
			buildConfigurationList = 4A265664215E069900F8A92F /* Build configuration list for PBXNativeTarget "CoreAnimationDemoUITests" */;
			buildPhases = (
				4A265651215E069900F8A92F /* Sources */,
				4A265652215E069900F8A92F /* Frameworks */,
				4A265653215E069900F8A92F /* Resources */,
			);
			buildRules = (
			);
			dependencies = (
				4A265657215E069900F8A92F /* PBXTargetDependency */,
			);
			name = CoreAnimationDemoUITests;
			productName = CoreAnimationDemoUITests;
			productReference = 4A265655215E069900F8A92F /* CoreAnimationDemoUITests.xctest */;
			productType = "com.apple.product-type.bundle.ui-testing";
		};
/* End PBXNativeTarget section */

/* Begin PBXProject section */
		4A26562A215E069800F8A92F /* Project object */ = {
			isa = PBXProject;
			attributes = {
				LastUpgradeCheck = 0940;
				ORGANIZATIONNAME = Cary;
				TargetAttributes = {
					4A265631215E069800F8A92F = {
						CreatedOnToolsVersion = 9.4.1;
					};
					4A265649215E069900F8A92F = {
						CreatedOnToolsVersion = 9.4.1;
						TestTargetID = 4A265631215E069800F8A92F;
					};
					4A265654215E069900F8A92F = {
						CreatedOnToolsVersion = 9.4.1;
						TestTargetID = 4A265631215E069800F8A92F;
					};
				};
			};
			buildConfigurationList = 4A26562D215E069800F8A92F /* Build configuration list for PBXProject "CoreAnimationDemo" */;
			compatibilityVersion = "Xcode 9.3";
			developmentRegion = en;
			hasScannedForEncodings = 0;
			knownRegions = (
				en,
				Base,
			);
			mainGroup = 4A265629215E069800F8A92F;
			productRefGroup = 4A265633215E069800F8A92F /* Products */;
			projectDirPath = "";
			projectRoot = "";
			targets = (
				4A265631215E069800F8A92F /* CoreAnimationDemo */,
				4A265649215E069900F8A92F /* CoreAnimationDemoTests */,
				4A265654215E069900F8A92F /* CoreAnimationDemoUITests */,
			);
		};
/* End PBXProject section */

/* Begin PBXResourcesBuildPhase section */
		4A265630215E069800F8A92F /* Resources */ = {
			isa = PBXResourcesBuildPhase;
			buildActionMask = 2147483647;
			files = (
				4A265642215E069900F8A92F /* LaunchScreen.storyboard in Resources */,
				4AC95D0E219189FD006745CC /* DazRing.png in Resources */,
				4A26563F215E069900F8A92F /* Assets.xcassets in Resources */,
				4AC95D1021918A0D006745CC /* DazStarOutline.png in Resources */,
				4A26563D215E069800F8A92F /* Main.storyboard in Resources */,
			);
			runOnlyForDeploymentPostprocessing = 0;
		};
		4A265648215E069900F8A92F /* Resources */ = {
			isa = PBXResourcesBuildPhase;
			buildActionMask = 2147483647;
			files = (
			);
			runOnlyForDeploymentPostprocessing = 0;
		};
		4A265653215E069900F8A92F /* Resources */ = {
			isa = PBXResourcesBuildPhase;
			buildActionMask = 2147483647;
			files = (
			);
			runOnlyForDeploymentPostprocessing = 0;
		};
/* End PBXResourcesBuildPhase section */

/* Begin PBXSourcesBuildPhase section */
		4A26562E215E069800F8A92F /* Sources */ = {
			isa = PBXSourcesBuildPhase;
			buildActionMask = 2147483647;
			files = (
				4A29C63E216AF93C00598D3C /* CATransformLayerViewController.m in Sources */,
				4A265669215E0A9900F8A92F /* CAShapeLayerViewController.m in Sources */,
				4A26566C215E0F8100F8A92F /* CAtextLayerViewController.m in Sources */,
				4AC95D1321918B4F006745CC /* TiledView.m in Sources */,
				4A24602C216B30DA00FA2B25 /* CAReplicatorlayerViewController.m in Sources */,
				4A26563A215E069800F8A92F /* ViewController.m in Sources */,
				4A265645215E069900F8A92F /* main.m in Sources */,
				4AC95D0C219187BE006745CC /* CAEmitterLayerViewController.m in Sources */,
				4A1BB2D4215F27B6005D5A40 /* CAGradientLayerViewController.m in Sources */,
				4A265637215E069800F8A92F /* AppDelegate.m in Sources */,
				4AC95D062191790A006745CC /* ScrollLayer.m in Sources */,
				4AC95D1621918DA6006745CC /* CATiledLayerViewController.m in Sources */,
				4AC95D0921917C0D006745CC /* CAScrollLayerViewController.m in Sources */,
			);
			runOnlyForDeploymentPostprocessing = 0;
		};
		4A265646215E069900F8A92F /* Sources */ = {
			isa = PBXSourcesBuildPhase;
			buildActionMask = 2147483647;
			files = (
				4A26564F215E069900F8A92F /* CoreAnimationDemoTests.m in Sources */,
			);
			runOnlyForDeploymentPostprocessing = 0;
		};
		4A265651215E069900F8A92F /* Sources */ = {
			isa = PBXSourcesBuildPhase;
			buildActionMask = 2147483647;
			files = (
				4A26565A215E069900F8A92F /* CoreAnimationDemoUITests.m in Sources */,
			);
			runOnlyForDeploymentPostprocessing = 0;
		};
/* End PBXSourcesBuildPhase section */

/* Begin PBXTargetDependency section */
		4A26564C215E069900F8A92F /* PBXTargetDependency */ = {
			isa = PBXTargetDependency;
			target = 4A265631215E069800F8A92F /* CoreAnimationDemo */;
			targetProxy = 4A26564B215E069900F8A92F /* PBXContainerItemProxy */;
		};
		4A265657215E069900F8A92F /* PBXTargetDependency */ = {
			isa = PBXTargetDependency;
			target = 4A265631215E069800F8A92F /* CoreAnimationDemo */;
			targetProxy = 4A265656215E069900F8A92F /* PBXContainerItemProxy */;
		};
/* End PBXTargetDependency section */

/* Begin PBXVariantGroup section */
		4A26563B215E069800F8A92F /* Main.storyboard */ = {
			isa = PBXVariantGroup;
			children = (
				4A26563C215E069800F8A92F /* Base */,
			);
			name = Main.storyboard;
			sourceTree = "<group>";
		};
		4A265640215E069900F8A92F /* LaunchScreen.storyboard */ = {
			isa = PBXVariantGroup;
			children = (
				4A265641215E069900F8A92F /* Base */,
			);
			name = LaunchScreen.storyboard;
			sourceTree = "<group>";
		};
/* End PBXVariantGroup section */

/* Begin XCBuildConfiguration section */
		4A26565C215E069900F8A92F /* Debug */ = {
			isa = XCBuildConfiguration;
			buildSettings = {
				ALWAYS_SEARCH_USER_PATHS = NO;
				CLANG_ANALYZER_NONNULL = YES;
				CLANG_ANALYZER_NUMBER_OBJECT_CONVERSION = YES_AGGRESSIVE;
				CLANG_CXX_LANGUAGE_STANDARD = "gnu++14";
				CLANG_CXX_LIBRARY = "libc++";
				CLANG_ENABLE_MODULES = YES;
				CLANG_ENABLE_OBJC_ARC = YES;
				CLANG_ENABLE_OBJC_WEAK = YES;
				CLANG_WARN_BLOCK_CAPTURE_AUTORELEASING = YES;
				CLANG_WARN_BOOL_CONVERSION = YES;
				CLANG_WARN_COMMA = YES;
				CLANG_WARN_CONSTANT_CONVERSION = YES;
				CLANG_WARN_DEPRECATED_OBJC_IMPLEMENTATIONS = YES;
				CLANG_WARN_DIRECT_OBJC_ISA_USAGE = YES_ERROR;
				CLANG_WARN_DOCUMENTATION_COMMENTS = YES;
				CLANG_WARN_EMPTY_BODY = YES;
				CLANG_WARN_ENUM_CONVERSION = YES;
				CLANG_WARN_INFINITE_RECURSION = YES;
				CLANG_WARN_INT_CONVERSION = YES;
				CLANG_WARN_NON_LITERAL_NULL_CONVERSION = YES;
				CLANG_WARN_OBJC_IMPLICIT_RETAIN_SELF = YES;
				CLANG_WARN_OBJC_LITERAL_CONVERSION = YES;
				CLANG_WARN_OBJC_ROOT_CLASS = YES_ERROR;
				CLANG_WARN_RANGE_LOOP_ANALYSIS = YES;
				CLANG_WARN_STRICT_PROTOTYPES = YES;
				CLANG_WARN_SUSPICIOUS_MOVE = YES;
				CLANG_WARN_UNGUARDED_AVAILABILITY = YES_AGGRESSIVE;
				CLANG_WARN_UNREACHABLE_CODE = YES;
				CLANG_WARN__DUPLICATE_METHOD_MATCH = YES;
				CODE_SIGN_IDENTITY = "iPhone Developer";
				COPY_PHASE_STRIP = NO;
				DEBUG_INFORMATION_FORMAT = dwarf;
				ENABLE_STRICT_OBJC_MSGSEND = YES;
				ENABLE_TESTABILITY = YES;
				GCC_C_LANGUAGE_STANDARD = gnu11;
				GCC_DYNAMIC_NO_PIC = NO;
				GCC_NO_COMMON_BLOCKS = YES;
				GCC_OPTIMIZATION_LEVEL = 0;
				GCC_PREPROCESSOR_DEFINITIONS = (
					"DEBUG=1",
					"$(inherited)",
				);
				GCC_WARN_64_TO_32_BIT_CONVERSION = YES;
				GCC_WARN_ABOUT_RETURN_TYPE = YES_ERROR;
				GCC_WARN_UNDECLARED_SELECTOR = YES;
				GCC_WARN_UNINITIALIZED_AUTOS = YES_AGGRESSIVE;
				GCC_WARN_UNUSED_FUNCTION = YES;
				GCC_WARN_UNUSED_VARIABLE = YES;
				IPHONEOS_DEPLOYMENT_TARGET = 11.4;
				MTL_ENABLE_DEBUG_INFO = YES;
				ONLY_ACTIVE_ARCH = YES;
				SDKROOT = iphoneos;
			};
			name = Debug;
		};
		4A26565D215E069900F8A92F /* Release */ = {
			isa = XCBuildConfiguration;
			buildSettings = {
				ALWAYS_SEARCH_USER_PATHS = NO;
				CLANG_ANALYZER_NONNULL = YES;
				CLANG_ANALYZER_NUMBER_OBJECT_CONVERSION = YES_AGGRESSIVE;
				CLANG_CXX_LANGUAGE_STANDARD = "gnu++14";
				CLANG_CXX_LIBRARY = "libc++";
				CLANG_ENABLE_MODULES = YES;
				CLANG_ENABLE_OBJC_ARC = YES;
				CLANG_ENABLE_OBJC_WEAK = YES;
				CLANG_WARN_BLOCK_CAPTURE_AUTORELEASING = YES;
				CLANG_WARN_BOOL_CONVERSION = YES;
				CLANG_WARN_COMMA = YES;
				CLANG_WARN_CONSTANT_CONVERSION = YES;
				CLANG_WARN_DEPRECATED_OBJC_IMPLEMENTATIONS = YES;
				CLANG_WARN_DIRECT_OBJC_ISA_USAGE = YES_ERROR;
				CLANG_WARN_DOCUMENTATION_COMMENTS = YES;
				CLANG_WARN_EMPTY_BODY = YES;
				CLANG_WARN_ENUM_CONVERSION = YES;
				CLANG_WARN_INFINITE_RECURSION = YES;
				CLANG_WARN_INT_CONVERSION = YES;
				CLANG_WARN_NON_LITERAL_NULL_CONVERSION = YES;
				CLANG_WARN_OBJC_IMPLICIT_RETAIN_SELF = YES;
				CLANG_WARN_OBJC_LITERAL_CONVERSION = YES;
				CLANG_WARN_OBJC_ROOT_CLASS = YES_ERROR;
				CLANG_WARN_RANGE_LOOP_ANALYSIS = YES;
				CLANG_WARN_STRICT_PROTOTYPES = YES;
				CLANG_WARN_SUSPICIOUS_MOVE = YES;
				CLANG_WARN_UNGUARDED_AVAILABILITY = YES_AGGRESSIVE;
				CLANG_WARN_UNREACHABLE_CODE = YES;
				CLANG_WARN__DUPLICATE_METHOD_MATCH = YES;
				CODE_SIGN_IDENTITY = "iPhone Developer";
				COPY_PHASE_STRIP = NO;
				DEBUG_INFORMATION_FORMAT = "dwarf-with-dsym";
				ENABLE_NS_ASSERTIONS = NO;
				ENABLE_STRICT_OBJC_MSGSEND = YES;
				GCC_C_LANGUAGE_STANDARD = gnu11;
				GCC_NO_COMMON_BLOCKS = YES;
				GCC_WARN_64_TO_32_BIT_CONVERSION = YES;
				GCC_WARN_ABOUT_RETURN_TYPE = YES_ERROR;
				GCC_WARN_UNDECLARED_SELECTOR = YES;
				GCC_WARN_UNINITIALIZED_AUTOS = YES_AGGRESSIVE;
				GCC_WARN_UNUSED_FUNCTION = YES;
				GCC_WARN_UNUSED_VARIABLE = YES;
				IPHONEOS_DEPLOYMENT_TARGET = 11.4;
				MTL_ENABLE_DEBUG_INFO = NO;
				SDKROOT = iphoneos;
				VALIDATE_PRODUCT = YES;
			};
			name = Release;
		};
		4A26565F215E069900F8A92F /* Debug */ = {
			isa = XCBuildConfiguration;
			buildSettings = {
				ASSETCATALOG_COMPILER_APPICON_NAME = AppIcon;
				CODE_SIGN_STYLE = Automatic;
				INFOPLIST_FILE = CoreAnimationDemo/Info.plist;
				LD_RUNPATH_SEARCH_PATHS = (
					"$(inherited)",
					"@executable_path/Frameworks",
				);
				PRODUCT_BUNDLE_IDENTIFIER = com.ZexueEducation.CoreAnimationDemo;
				PRODUCT_NAME = "$(TARGET_NAME)";
				TARGETED_DEVICE_FAMILY = "1,2";
			};
			name = Debug;
		};
		4A265660215E069900F8A92F /* Release */ = {
			isa = XCBuildConfiguration;
			buildSettings = {
				ASSETCATALOG_COMPILER_APPICON_NAME = AppIcon;
				CODE_SIGN_STYLE = Automatic;
				INFOPLIST_FILE = CoreAnimationDemo/Info.plist;
				LD_RUNPATH_SEARCH_PATHS = (
					"$(inherited)",
					"@executable_path/Frameworks",
				);
				PRODUCT_BUNDLE_IDENTIFIER = com.ZexueEducation.CoreAnimationDemo;
				PRODUCT_NAME = "$(TARGET_NAME)";
				TARGETED_DEVICE_FAMILY = "1,2";
			};
			name = Release;
		};
		4A265662215E069900F8A92F /* Debug */ = {
			isa = XCBuildConfiguration;
			buildSettings = {
				BUNDLE_LOADER = "$(TEST_HOST)";
				CODE_SIGN_STYLE = Automatic;
				INFOPLIST_FILE = CoreAnimationDemoTests/Info.plist;
				LD_RUNPATH_SEARCH_PATHS = (
					"$(inherited)",
					"@executable_path/Frameworks",
					"@loader_path/Frameworks",
				);
				PRODUCT_BUNDLE_IDENTIFIER = com.ZexueEducation.CoreAnimationDemoTests;
				PRODUCT_NAME = "$(TARGET_NAME)";
				TARGETED_DEVICE_FAMILY = "1,2";
				TEST_HOST = "$(BUILT_PRODUCTS_DIR)/CoreAnimationDemo.app/CoreAnimationDemo";
			};
			name = Debug;
		};
		4A265663215E069900F8A92F /* Release */ = {
			isa = XCBuildConfiguration;
			buildSettings = {
				BUNDLE_LOADER = "$(TEST_HOST)";
				CODE_SIGN_STYLE = Automatic;
				INFOPLIST_FILE = CoreAnimationDemoTests/Info.plist;
				LD_RUNPATH_SEARCH_PATHS = (
					"$(inherited)",
					"@executable_path/Frameworks",
					"@loader_path/Frameworks",
				);
				PRODUCT_BUNDLE_IDENTIFIER = com.ZexueEducation.CoreAnimationDemoTests;
				PRODUCT_NAME = "$(TARGET_NAME)";
				TARGETED_DEVICE_FAMILY = "1,2";
				TEST_HOST = "$(BUILT_PRODUCTS_DIR)/CoreAnimationDemo.app/CoreAnimationDemo";
			};
			name = Release;
		};
		4A265665215E069900F8A92F /* Debug */ = {
			isa = XCBuildConfiguration;
			buildSettings = {
				CODE_SIGN_STYLE = Automatic;
				INFOPLIST_FILE = CoreAnimationDemoUITests/Info.plist;
				LD_RUNPATH_SEARCH_PATHS = (
					"$(inherited)",
					"@executable_path/Frameworks",
					"@loader_path/Frameworks",
				);
				PRODUCT_BUNDLE_IDENTIFIER = com.ZexueEducation.CoreAnimationDemoUITests;
				PRODUCT_NAME = "$(TARGET_NAME)";
				TARGETED_DEVICE_FAMILY = "1,2";
				TEST_TARGET_NAME = CoreAnimationDemo;
			};
			name = Debug;
		};
		4A265666215E069900F8A92F /* Release */ = {
			isa = XCBuildConfiguration;
			buildSettings = {
				CODE_SIGN_STYLE = Automatic;
				INFOPLIST_FILE = CoreAnimationDemoUITests/Info.plist;
				LD_RUNPATH_SEARCH_PATHS = (
					"$(inherited)",
					"@executable_path/Frameworks",
					"@loader_path/Frameworks",
				);
				PRODUCT_BUNDLE_IDENTIFIER = com.ZexueEducation.CoreAnimationDemoUITests;
				PRODUCT_NAME = "$(TARGET_NAME)";
				TARGETED_DEVICE_FAMILY = "1,2";
				TEST_TARGET_NAME = CoreAnimationDemo;
			};
			name = Release;
		};
/* End XCBuildConfiguration section */

/* Begin XCConfigurationList section */
		4A26562D215E069800F8A92F /* Build configuration list for PBXProject "CoreAnimationDemo" */ = {
			isa = XCConfigurationList;
			buildConfigurations = (
				4A26565C215E069900F8A92F /* Debug */,
				4A26565D215E069900F8A92F /* Release */,
			);
			defaultConfigurationIsVisible = 0;
			defaultConfigurationName = Release;
		};
		4A26565E215E069900F8A92F /* Build configuration list for PBXNativeTarget "CoreAnimationDemo" */ = {
			isa = XCConfigurationList;
			buildConfigurations = (
				4A26565F215E069900F8A92F /* Debug */,
				4A265660215E069900F8A92F /* Release */,
			);
			defaultConfigurationIsVisible = 0;
			defaultConfigurationName = Release;
		};
		4A265661215E069900F8A92F /* Build configuration list for PBXNativeTarget "CoreAnimationDemoTests" */ = {
			isa = XCConfigurationList;
			buildConfigurations = (
				4A265662215E069900F8A92F /* Debug */,
				4A265663215E069900F8A92F /* Release */,
			);
			defaultConfigurationIsVisible = 0;
			defaultConfigurationName = Release;
		};
		4A265664215E069900F8A92F /* Build configuration list for PBXNativeTarget "CoreAnimationDemoUITests" */ = {
			isa = XCConfigurationList;
			buildConfigurations = (
				4A265665215E069900F8A92F /* Debug */,
				4A265666215E069900F8A92F /* Release */,
			);
			defaultConfigurationIsVisible = 0;
			defaultConfigurationName = Release;
		};
/* End XCConfigurationList section */
	};
	rootObject = 4A26562A215E069800F8A92F /* Project object */;
}
